// !$*UTF8*$!
{
	archiveVersion = 1;
	classes = {
	};
	objectVersion = 77;
	objects = {

/* Begin PBXBuildFile section */
		E57E9DA92E2AC896008C60AA /* MyCardBook.xcdatamodeld in Sources */ = {isa = PBXBuildFile; fileRef = E57E9DA72E2AC896008C60AA /* MyCardBook.xcdatamodeld */; };
/* End PBXBuildFile section */

/* Begin PBXContainerItemProxy section */
		E55DE8D22E25C37000AACFFE /* PBXContainerItemProxy */ = {
			isa = PBXContainerItemProxy;
			containerPortal = E55DE8BC2E25C36E00AACFFE /* Project object */;
			proxyType = 1;
			remoteGlobalIDString = E55DE8C32E25C36E00AACFFE;
			remoteInfo = MyCardBook;
		};
		E55DE8DC2E25C37000AACFFE /* PBXContainerItemProxy */ = {
			isa = PBXContainerItemProxy;
			containerPortal = E55DE8BC2E25C36E00AACFFE /* Project object */;
			proxyType = 1;
			remoteGlobalIDString = E55DE8C32E25C36E00AACFFE;
			remoteInfo = MyCardBook;
		};
/* End PBXContainerItemProxy section */

/* Begin PBXFileReference section */
		E55DE8C42E25C36E00AACFFE /* MyCardBook.app */ = {isa = PBXFileReference; explicitFileType = wrapper.application; includeInIndex = 0; path = MyCardBook.app; sourceTree = BUILT_PRODUCTS_DIR; };
		E55DE8D12E25C37000AACFFE /* MyCardBookTests.xctest */ = {isa = PBXFileReference; explicitFileType = wrapper.cfbundle; includeInIndex = 0; path = MyCardBookTests.xctest; sourceTree = BUILT_PRODUCTS_DIR; };
		E55DE8DB2E25C37000AACFFE /* MyCardBookUITests.xctest */ = {isa = PBXFileReference; explicitFileType = wrapper.cfbundle; includeInIndex = 0; path = MyCardBookUITests.xctest; sourceTree = BUILT_PRODUCTS_DIR; };
		E57E9DA82E2AC896008C60AA /* MyCardBook.xcdatamodel */ = {isa = PBXFileReference; lastKnownFileType = wrapper.xcdatamodel; path = MyCardBook.xcdatamodel; sourceTree = "<group>"; };
/* End PBXFileReference section */

/* Begin PBXFileSystemSynchronizedRootGroup section */
		E55DE8C62E25C36E00AACFFE /* MyCardBook */ = {
			isa = PBXFileSystemSynchronizedRootGroup;
			path = MyCardBook;
			sourceTree = "<group>";
		};
		E55DE8D42E25C37000AACFFE /* MyCardBookTests */ = {
			isa = PBXFileSystemSynchronizedRootGroup;
			path = MyCardBookTests;
			sourceTree = "<group>";
		};
		E55DE8DE2E25C37000AACFFE /* MyCardBookUITests */ = {
			isa = PBXFileSystemSynchronizedRootGroup;
			path = MyCardBookUITests;
			sourceTree = "<group>";
		};
/* End PBXFileSystemSynchronizedRootGroup section */

/* Begin PBXFrameworksBuildPhase section */
		E55DE8C12E25C36E00AACFFE /* Frameworks */ = {
			isa = PBXFrameworksBuildPhase;
			buildActionMask = 2147483647;
			files = (
			);
			runOnlyForDeploymentPostprocessing = 0;
		};
		E55DE8CE2E25C37000AACFFE /* Frameworks */ = {
			isa = PBXFrameworksBuildPhase;
			buildActionMask = 2147483647;
			files = (
			);
			runOnlyForDeploymentPostprocessing = 0;
		};
		E55DE8D82E25C37000AACFFE /* Frameworks */ = {
			isa = PBXFrameworksBuildPhase;
			buildActionMask = 2147483647;
			files = (
			);
			runOnlyForDeploymentPostprocessing = 0;
		};
/* End PBXFrameworksBuildPhase section */

/* Begin PBXGroup section */
		E55DE8BB2E25C36E00AACFFE = {
			isa = PBXGroup;
			children = (
				E57E9DA72E2AC896008C60AA /* MyCardBook.xcdatamodeld */,
				E55DE8C62E25C36E00AACFFE /* MyCardBook */,
				E55DE8D42E25C37000AACFFE /* MyCardBookTests */,
				E55DE8DE2E25C37000AACFFE /* MyCardBookUITests */,
				E55DE8C52E25C36E00AACFFE /* Products */,
			);
			sourceTree = "<group>";
		};
		E55DE8C52E25C36E00AACFFE /* Products */ = {
			isa = PBXGroup;
			children = (
				E55DE8C42E25C36E00AACFFE /* MyCardBook.app */,
				E55DE8D12E25C37000AACFFE /* MyCardBookTests.xctest */,
				E55DE8DB2E25C37000AACFFE /* MyCardBookUITests.xctest */,
			);
			name = Products;
			sourceTree = "<group>";
		};
/* End PBXGroup section */

/* Begin PBXNativeTarget section */
		E55DE8C32E25C36E00AACFFE /* MyCardBook */ = {
			isa = PBXNativeTarget;
			buildConfigurationList = E55DE8E52E25C37000AACFFE /* Build configuration list for PBXNativeTarget "MyCardBook" */;
			buildPhases = (
				E55DE8C02E25C36E00AACFFE /* Sources */,
				E55DE8C12E25C36E00AACFFE /* Frameworks */,
				E55DE8C22E25C36E00AACFFE /* Resources */,
			);
			buildRules = (
			);
			dependencies = (
			);
			fileSystemSynchronizedGroups = (
				E55DE8C62E25C36E00AACFFE /* MyCardBook */,
			);
			name = MyCardBook;
			packageProductDependencies = (
			);
			productName = MyCardBook;
			productReference = E55DE8C42E25C36E00AACFFE /* MyCardBook.app */;
			productType = "com.apple.product-type.application";
		};
		E55DE8D02E25C37000AACFFE /* MyCardBookTests */ = {
			isa = PBXNativeTarget;
			buildConfigurationList = E55DE8E82E25C37000AACFFE /* Build configuration list for PBXNativeTarget "MyCardBookTests" */;
			buildPhases = (
				E55DE8CD2E25C37000AACFFE /* Sources */,
				E55DE8CE2E25C37000AACFFE /* Frameworks */,
				E55DE8CF2E25C37000AACFFE /* Resources */,
			);
			buildRules = (
			);
			dependencies = (
				E55DE8D32E25C37000AACFFE /* PBXTargetDependency */,
			);
			fileSystemSynchronizedGroups = (
				E55DE8D42E25C37000AACFFE /* MyCardBookTests */,
			);
			name = MyCardBookTests;
			packageProductDependencies = (
			);
			productName = MyCardBookTests;
			productReference = E55DE8D12E25C37000AACFFE /* MyCardBookTests.xctest */;
			productType = "com.apple.product-type.bundle.unit-test";
		};
		E55DE8DA2E25C37000AACFFE /* MyCardBookUITests */ = {
			isa = PBXNativeTarget;
			buildConfigurationList = E55DE8EB2E25C37000AACFFE /* Build configuration list for PBXNativeTarget "MyCardBookUITests" */;
			buildPhases = (
				E55DE8D72E25C37000AACFFE /* Sources */,
				E55DE8D82E25C37000AACFFE /* Frameworks */,
				E55DE8D92E25C37000AACFFE /* Resources */,
			);
			buildRules = (
			);
			dependencies = (
				E55DE8DD2E25C37000AACFFE /* PBXTargetDependency */,
			);
			fileSystemSynchronizedGroups = (
				E55DE8DE2E25C37000AACFFE /* MyCardBookUITests */,
			);
			name = MyCardBookUITests;
			packageProductDependencies = (
			);
			productName = MyCardBookUITests;
			productReference = E55DE8DB2E25C37000AACFFE /* MyCardBookUITests.xctest */;
			productType = "com.apple.product-type.bundle.ui-testing";
		};
/* End PBXNativeTarget section */

/* Begin PBXProject section */
		E55DE8BC2E25C36E00AACFFE /* Project object */ = {
			isa = PBXProject;
			attributes = {
				BuildIndependentTargetsInParallel = 1;
				LastSwiftUpdateCheck = 1640;
				LastUpgradeCheck = 1640;
				TargetAttributes = {
					E55DE8C32E25C36E00AACFFE = {
						CreatedOnToolsVersion = 16.4;
					};
					E55DE8D02E25C37000AACFFE = {
						CreatedOnToolsVersion = 16.4;
						TestTargetID = E55DE8C32E25C36E00AACFFE;
					};
					E55DE8DA2E25C37000AACFFE = {
						CreatedOnToolsVersion = 16.4;
						TestTargetID = E55DE8C32E25C36E00AACFFE;
					};
				};
			};
			buildConfigurationList = E55DE8BF2E25C36E00AACFFE /* Build configuration list for PBXProject "MyCardBook" */;
			developmentRegion = en;
			hasScannedForEncodings = 0;
			knownRegions = (
				en,
				Base,
			);
			mainGroup = E55DE8BB2E25C36E00AACFFE;
			minimizedProjectReferenceProxies = 1;
			preferredProjectObjectVersion = 77;
			productRefGroup = E55DE8C52E25C36E00AACFFE /* Products */;
			projectDirPath = "";
			projectRoot = "";
			targets = (
				E55DE8C32E25C36E00AACFFE /* MyCardBook */,
				E55DE8D02E25C37000AACFFE /* MyCardBookTests */,
				E55DE8DA2E25C37000AACFFE /* MyCardBookUITests */,
			);
		};
/* End PBXProject section */

/* Begin PBXResourcesBuildPhase section */
		E55DE8C22E25C36E00AACFFE /* Resources */ = {
			isa = PBXResourcesBuildPhase;
			buildActionMask = 2147483647;
			files = (
			);
			runOnlyForDeploymentPostprocessing = 0;
		};
		E55DE8CF2E25C37000AACFFE /* Resources */ = {
			isa = PBXResourcesBuildPhase;
			buildActionMask = 2147483647;
			files = (
			);
			runOnlyForDeploymentPostprocessing = 0;
		};
		E55DE8D92E25C37000AACFFE /* Resources */ = {
			isa = PBXResourcesBuildPhase;
			buildActionMask = 2147483647;
			files = (
			);
			runOnlyForDeploymentPostprocessing = 0;
		};
/* End PBXResourcesBuildPhase section */

/* Begin PBXSourcesBuildPhase section */
		E55DE8C02E25C36E00AACFFE /* Sources */ = {
			isa = PBXSourcesBuildPhase;
			buildActionMask = 2147483647;
			files = (
				E57E9DA92E2AC896008C60AA /* MyCardBook.xcdatamodeld in Sources */,
			);
			runOnlyForDeploymentPostprocessing = 0;
		};
		E55DE8CD2E25C37000AACFFE /* Sources */ = {
			isa = PBXSourcesBuildPhase;
			buildActionMask = 2147483647;
			files = (
			);
			runOnlyForDeploymentPostprocessing = 0;
		};
		E55DE8D72E25C37000AACFFE /* Sources */ = {
			isa = PBXSourcesBuildPhase;
			buildActionMask = 2147483647;
			files = (
			);
			runOnlyForDeploymentPostprocessing = 0;
		};
/* End PBXSourcesBuildPhase section */

/* Begin PBXTargetDependency section */
		E55DE8D32E25C37000AACFFE /* PBXTargetDependency */ = {
			isa = PBXTargetDependency;
			target = E55DE8C32E25C36E00AACFFE /* MyCardBook */;
			targetProxy = E55DE8D22E25C37000AACFFE /* PBXContainerItemProxy */;
		};
		E55DE8DD2E25C37000AACFFE /* PBXTargetDependency */ = {
			isa = PBXTargetDependency;
			target = E55DE8C32E25C36E00AACFFE /* MyCardBook */;
			targetProxy = E55DE8DC2E25C37000AACFFE /* PBXContainerItemProxy */;
		};
/* End PBXTargetDependency section */

/* Begin XCBuildConfiguration section */
		E55DE8E32E25C37000AACFFE /* Debug */ = {
			isa = XCBuildConfiguration;
			buildSettings = {
				ALWAYS_SEARCH_USER_PATHS = NO;
				ASSETCATALOG_COMPILER_GENERATE_SWIFT_ASSET_SYMBOL_EXTENSIONS = YES;
				CLANG_ANALYZER_NONNULL = YES;
				CLANG_ANALYZER_NUMBER_OBJECT_CONVERSION = YES_AGGRESSIVE;
				CLANG_CXX_LANGUAGE_STANDARD = "gnu++20";
				CLANG_ENABLE_MODULES = YES;
				CLANG_ENABLE_OBJC_ARC = YES;
				CLANG_ENABLE_OBJC_WEAK = YES;
				CLANG_WARN_BLOCK_CAPTURE_AUTORELEASING = YES;
				CLANG_WARN_BOOL_CONVERSION = YES;
				CLANG_WARN_COMMA = YES;
				CLANG_WARN_CONSTANT_CONVERSION = YES;
				CLANG_WARN_DEPRECATED_OBJC_IMPLEMENTATIONS = YES;
				CLANG_WARN_DIRECT_OBJC_ISA_USAGE = YES_ERROR;
				CLANG_WARN_DOCUMENTATION_COMMENTS = YES;
				CLANG_WARN_EMPTY_BODY = YES;
				CLANG_WARN_ENUM_CONVERSION = YES;
				CLANG_WARN_INFINITE_RECURSION = YES;
				CLANG_WARN_INT_CONVERSION = YES;
				CLANG_WARN_NON_LITERAL_NULL_CONVERSION = YES;
				CLANG_WARN_OBJC_IMPLICIT_RETAIN_SELF = YES;
				CLANG_WARN_OBJC_LITERAL_CONVERSION = YES;
				CLANG_WARN_OBJC_ROOT_CLASS = YES_ERROR;
				CLANG_WARN_QUOTED_INCLUDE_IN_FRAMEWORK_HEADER = YES;
				CLANG_WARN_RANGE_LOOP_ANALYSIS = YES;
				CLANG_WARN_STRICT_PROTOTYPES = YES;
				CLANG_WARN_SUSPICIOUS_MOVE = YES;
				CLANG_WARN_UNGUARDED_AVAILABILITY = YES_AGGRESSIVE;
				CLANG_WARN_UNREACHABLE_CODE = YES;
				CLANG_WARN__DUPLICATE_METHOD_MATCH = YES;
				COPY_PHASE_STRIP = NO;
				DEBUG_INFORMATION_FORMAT = dwarf;
				ENABLE_STRICT_OBJC_MSGSEND = YES;
				ENABLE_TESTABILITY = YES;
				ENABLE_USER_SCRIPT_SANDBOXING = YES;
				GCC_C_LANGUAGE_STANDARD = gnu17;
				GCC_DYNAMIC_NO_PIC = NO;
				GCC_NO_COMMON_BLOCKS = YES;
				GCC_OPTIMIZATION_LEVEL = 0;
				GCC_PREPROCESSOR_DEFINITIONS = (
					"DEBUG=1",
					"$(inherited)",
				);
				GCC_WARN_64_TO_32_BIT_CONVERSION = YES;
				GCC_WARN_ABOUT_RETURN_TYPE = YES_ERROR;
				GCC_WARN_UNDECLARED_SELECTOR = YES;
				GCC_WARN_UNINITIALIZED_AUTOS = YES_AGGRESSIVE;
				GCC_WARN_UNUSED_FUNCTION = YES;
				GCC_WARN_UNUSED_VARIABLE = YES;
				IPHONEOS_DEPLOYMENT_TARGET = 16.0;
				LOCALIZATION_PREFERS_STRING_CATALOGS = YES;
				MTL_ENABLE_DEBUG_INFO = INCLUDE_SOURCE;
				MTL_FAST_MATH = YES;
				ONLY_ACTIVE_ARCH = YES;
				SDKROOT = iphoneos;
				SWIFT_ACTIVE_COMPILATION_CONDITIONS = "DEBUG $(inherited)";
				SWIFT_OPTIMIZATION_LEVEL = "-Onone";
			};
			name = Debug;
		};
		E55DE8E42E25C37000AACFFE /* Release */ = {
			isa = XCBuildConfiguration;
			buildSettings = {
				ALWAYS_SEARCH_USER_PATHS = NO;
				ASSETCATALOG_COMPILER_GENERATE_SWIFT_ASSET_SYMBOL_EXTENSIONS = YES;
				CLANG_ANALYZER_NONNULL = YES;
				CLANG_ANALYZER_NUMBER_OBJECT_CONVERSION = YES_AGGRESSIVE;
				CLANG_CXX_LANGUAGE_STANDARD = "gnu++20";
				CLANG_ENABLE_MODULES = YES;
				CLANG_ENABLE_OBJC_ARC = YES;
				CLANG_ENABLE_OBJC_WEAK = YES;
				CLANG_WARN_BLOCK_CAPTURE_AUTORELEASING = YES;
				CLANG_WARN_BOOL_CONVERSION = YES;
				CLANG_WARN_COMMA = YES;
				CLANG_WARN_CONSTANT_CONVERSION = YES;
				CLANG_WARN_DEPRECATED_OBJC_IMPLEMENTATIONS = YES;
				CLANG_WARN_DIRECT_OBJC_ISA_USAGE = YES_ERROR;
				CLANG_WARN_DOCUMENTATION_COMMENTS = YES;
				CLANG_WARN_EMPTY_BODY = YES;
				CLANG_WARN_ENUM_CONVERSION = YES;
				CLANG_WARN_INFINITE_RECURSION = YES;
				CLANG_WARN_INT_CONVERSION = YES;
				CLANG_WARN_NON_LITERAL_NULL_CONVERSION = YES;
				CLANG_WARN_OBJC_IMPLICIT_RETAIN_SELF = YES;
				CLANG_WARN_OBJC_LITERAL_CONVERSION = YES;
				CLANG_WARN_OBJC_ROOT_CLASS = YES_ERROR;
				CLANG_WARN_QUOTED_INCLUDE_IN_FRAMEWORK_HEADER = YES;
				CLANG_WARN_RANGE_LOOP_ANALYSIS = YES;
				CLANG_WARN_STRICT_PROTOTYPES = YES;
				CLANG_WARN_SUSPICIOUS_MOVE = YES;
				CLANG_WARN_UNGUARDED_AVAILABILITY = YES_AGGRESSIVE;
				CLANG_WARN_UNREACHABLE_CODE = YES;
				CLANG_WARN__DUPLICATE_METHOD_MATCH = YES;
				COPY_PHASE_STRIP = NO;
				DEBUG_INFORMATION_FORMAT = "dwarf-with-dsym";
				ENABLE_NS_ASSERTIONS = NO;
				ENABLE_STRICT_OBJC_MSGSEND = YES;
				ENABLE_USER_SCRIPT_SANDBOXING = YES;
				GCC_C_LANGUAGE_STANDARD = gnu17;
				GCC_NO_COMMON_BLOCKS = YES;
				GCC_WARN_64_TO_32_BIT_CONVERSION = YES;
				GCC_WARN_ABOUT_RETURN_TYPE = YES_ERROR;
				GCC_WARN_UNDECLARED_SELECTOR = YES;
				GCC_WARN_UNINITIALIZED_AUTOS = YES_AGGRESSIVE;
				GCC_WARN_UNUSED_FUNCTION = YES;
				GCC_WARN_UNUSED_VARIABLE = YES;
				IPHONEOS_DEPLOYMENT_TARGET = 16.0;
				LOCALIZATION_PREFERS_STRING_CATALOGS = YES;
				MTL_ENABLE_DEBUG_INFO = NO;
				MTL_FAST_MATH = YES;
				SDKROOT = iphoneos;
				SWIFT_COMPILATION_MODE = wholemodule;
				VALIDATE_PRODUCT = YES;
			};
			name = Release;
		};
		E55DE8E62E25C37000AACFFE /* Debug */ = {
			isa = XCBuildConfiguration;
			buildSettings = {
				ASSETCATALOG_COMPILER_APPICON_NAME = AppIcon;
				ASSETCATALOG_COMPILER_GLOBAL_ACCENT_COLOR_NAME = AccentColor;
				CODE_SIGN_STYLE = Automatic;
				CURRENT_PROJECT_VERSION = 3;
				DEVELOPMENT_TEAM = 6J8PTCB9T7;
				ENABLE_PREVIEWS = YES;
				GENERATE_INFOPLIST_FILE = YES;
				INFOPLIST_KEY_UIApplicationSceneManifest_Generation = YES;
				INFOPLIST_KEY_UIApplicationSupportsIndirectInputEvents = YES;
				INFOPLIST_KEY_UILaunchScreen_Generation = YES;
				INFOPLIST_KEY_UISupportedInterfaceOrientations_iPad = "UIInterfaceOrientationPortrait UIInterfaceOrientationPortraitUpsideDown UIInterfaceOrientationLandscapeLeft UIInterfaceOrientationLandscapeRight";
				INFOPLIST_KEY_UISupportedInterfaceOrientations_iPhone = "UIInterfaceOrientationPortrait UIInterfaceOrientationLandscapeLeft UIInterfaceOrientationLandscapeRight";
				LD_RUNPATH_SEARCH_PATHS = (
					"$(inherited)",
					"@executable_path/Frameworks",
				);
				MARKETING_VERSION = 1.2.1;
				PRODUCT_BUNDLE_IDENTIFIER = com.launchpadlogic.MyCardBook;
				PRODUCT_NAME = "$(TARGET_NAME)";
				SWIFT_EMIT_LOC_STRINGS = YES;
				SWIFT_VERSION = 5.0;
				TARGETED_DEVICE_FAMILY = "1,2";
			};
			name = Debug;
		};
		E55DE8E72E25C37000AACFFE /* Release */ = {
			isa = XCBuildConfiguration;
			buildSettings = {
				ASSETCATALOG_COMPILER_APPICON_NAME = AppIcon;
				ASSETCATALOG_COMPILER_GLOBAL_ACCENT_COLOR_NAME = AccentColor;
				CODE_SIGN_STYLE = Automatic;
				CURRENT_PROJECT_VERSION = 3;
				DEVELOPMENT_TEAM = 6J8PTCB9T7;
				ENABLE_PREVIEWS = YES;
				GENERATE_INFOPLIST_FILE = YES;
				INFOPLIST_KEY_UIApplicationSceneManifest_Generation = YES;
				INFOPLIST_KEY_UIApplicationSupportsIndirectInputEvents = YES;
				INFOPLIST_KEY_UILaunchScreen_Generation = YES;
				INFOPLIST_KEY_UISupportedInterfaceOrientations_iPad = "UIInterfaceOrientationPortrait UIInterfaceOrientationPortraitUpsideDown UIInterfaceOrientationLandscapeLeft UIInterfaceOrientationLandscapeRight";
				INFOPLIST_KEY_UISupportedInterfaceOrientations_iPhone = "UIInterfaceOrientationPortrait UIInterfaceOrientationLandscapeLeft UIInterfaceOrientationLandscapeRight";
				LD_RUNPATH_SEARCH_PATHS = (
					"$(inherited)",
					"@executable_path/Frameworks",
				);
				MARKETING_VERSION = 1.2.1;
				PRODUCT_BUNDLE_IDENTIFIER = com.launchpadlogic.MyCardBook;
				PRODUCT_NAME = "$(TARGET_NAME)";
				SWIFT_EMIT_LOC_STRINGS = YES;
				SWIFT_VERSION = 5.0;
				TARGETED_DEVICE_FAMILY = "1,2";
			};
			name = Release;
		};
		E55DE8E92E25C37000AACFFE /* Debug */ = {
			isa = XCBuildConfiguration;
			buildSettings = {
				BUNDLE_LOADER = "$(TEST_HOST)";
				CODE_SIGN_STYLE = Automatic;
				CURRENT_PROJECT_VERSION = 1;
				GENERATE_INFOPLIST_FILE = YES;
				IPHONEOS_DEPLOYMENT_TARGET = 16.0;
				MARKETING_VERSION = 1.0;
				PRODUCT_BUNDLE_IDENTIFIER = com.launchpad.MyCardBookTests;
				PRODUCT_NAME = "$(TARGET_NAME)";
				SWIFT_EMIT_LOC_STRINGS = NO;
				SWIFT_VERSION = 5.0;
				TARGETED_DEVICE_FAMILY = "1,2";
				TEST_HOST = "$(BUILT_PRODUCTS_DIR)/MyCardBook.app/$(BUNDLE_EXECUTABLE_FOLDER_PATH)/MyCardBook";
			};
			name = Debug;
		};
		E55DE8EA2E25C37000AACFFE /* Release */ = {
			isa = XCBuildConfiguration;
			buildSettings = {
				BUNDLE_LOADER = "$(TEST_HOST)";
				CODE_SIGN_STYLE = Automatic;
				CURRENT_PROJECT_VERSION = 1;
				GENERATE_INFOPLIST_FILE = YES;
				IPHONEOS_DEPLOYMENT_TARGET = 16.0;
				MARKETING_VERSION = 1.0;
				PRODUCT_BUNDLE_IDENTIFIER = com.launchpad.MyCardBookTests;
				PRODUCT_NAME = "$(TARGET_NAME)";
				SWIFT_EMIT_LOC_STRINGS = NO;
				SWIFT_VERSION = 5.0;
				TARGETED_DEVICE_FAMILY = "1,2";
				TEST_HOST = "$(BUILT_PRODUCTS_DIR)/MyCardBook.app/$(BUNDLE_EXECUTABLE_FOLDER_PATH)/MyCardBook";
			};
			name = Release;
		};
		E55DE8EC2E25C37000AACFFE /* Debug */ = {
			isa = XCBuildConfiguration;
			buildSettings = {
				CODE_SIGN_STYLE = Automatic;
				CURRENT_PROJECT_VERSION = 1;
				GENERATE_INFOPLIST_FILE = YES;
				MARKETING_VERSION = 1.0;
				PRODUCT_BUNDLE_IDENTIFIER = com.launchpad.MyCardBookUITests;
				PRODUCT_NAME = "$(TARGET_NAME)";
				SWIFT_EMIT_LOC_STRINGS = NO;
				SWIFT_VERSION = 5.0;
				TARGETED_DEVICE_FAMILY = "1,2";
				TEST_TARGET_NAME = MyCardBook;
			};
			name = Debug;
		};
		E55DE8ED2E25C37000AACFFE /* Release */ = {
			isa = XCBuildConfiguration;
			buildSettings = {
				CODE_SIGN_STYLE = Automatic;
				CURRENT_PROJECT_VERSION = 1;
				GENERATE_INFOPLIST_FILE = YES;
				MARKETING_VERSION = 1.0;
				PRODUCT_BUNDLE_IDENTIFIER = com.launchpad.MyCardBookUITests;
				PRODUCT_NAME = "$(TARGET_NAME)";
				SWIFT_EMIT_LOC_STRINGS = NO;
				SWIFT_VERSION = 5.0;
				TARGETED_DEVICE_FAMILY = "1,2";
				TEST_TARGET_NAME = MyCardBook;
			};
			name = Release;
		};
/* End XCBuildConfiguration section */

/* Begin XCConfigurationList section */
		E55DE8BF2E25C36E00AACFFE /* Build configuration list for PBXProject "MyCardBook" */ = {
			isa = XCConfigurationList;
			buildConfigurations = (
				E55DE8E32E25C37000AACFFE /* Debug */,
				E55DE8E42E25C37000AACFFE /* Release */,
			);
			defaultConfigurationIsVisible = 0;
			defaultConfigurationName = Release;
		};
		E55DE8E52E25C37000AACFFE /* Build configuration list for PBXNativeTarget "MyCardBook" */ = {
			isa = XCConfigurationList;
			buildConfigurations = (
				E55DE8E62E25C37000AACFFE /* Debug */,
				E55DE8E72E25C37000AACFFE /* Release */,
			);
			defaultConfigurationIsVisible = 0;
			defaultConfigurationName = Release;
		};
		E55DE8E82E25C37000AACFFE /* Build configuration list for PBXNativeTarget "MyCardBookTests" */ = {
			isa = XCConfigurationList;
			buildConfigurations = (
				E55DE8E92E25C37000AACFFE /* Debug */,
				E55DE8EA2E25C37000AACFFE /* Release */,
			);
			defaultConfigurationIsVisible = 0;
			defaultConfigurationName = Release;
		};
		E55DE8EB2E25C37000AACFFE /* Build configuration list for PBXNativeTarget "MyCardBookUITests" */ = {
			isa = XCConfigurationList;
			buildConfigurations = (
				E55DE8EC2E25C37000AACFFE /* Debug */,
				E55DE8ED2E25C37000AACFFE /* Release */,
			);
			defaultConfigurationIsVisible = 0;
			defaultConfigurationName = Release;
		};
/* End XCConfigurationList section */

/* Begin XCVersionGroup section */
		E57E9DA72E2AC896008C60AA /* MyCardBook.xcdatamodeld */ = {
			isa = XCVersionGroup;
			children = (
				E57E9DA82E2AC896008C60AA /* MyCardBook.xcdatamodel */,
			);
			currentVersion = E57E9DA82E2AC896008C60AA /* MyCardBook.xcdatamodel */;
			path = MyCardBook.xcdatamodeld;
			sourceTree = "<group>";
			versionGroupType = wrapper.xcdatamodel;
		};
/* End XCVersionGroup section */
	};
	rootObject = E55DE8BC2E25C36E00AACFFE /* Project object */;
}
